
Microsoft Visual Studio Solution File, Format Version 12.00
# Visual Studio Version 16
VisualStudioVersion = 16.0.30517.126
MinimumVisualStudioVersion = 10.0.40219.1
Project("{FAE04EC0-301F-11D3-BF4B-00C04F79EFBC}") = "PruebaGit", "PruebaGit\PruebaGit.csproj", "{61845326-625F-486D-B224-52DF0973ED13}"
EndProject
Global
	GlobalSection(SolutionConfigurationPlatforms) = preSolution
		Debug|Any CPU = Debug|Any CPU
		Release|Any CPU = Release|Any CPU
	EndGlobalSection
	GlobalSection(ProjectConfigurationPlatforms) = postSolution
		{61845326-625F-486D-B224-52DF0973ED13}.Debug|Any CPU.ActiveCfg = Debug|Any CPU
		{61845326-625F-486D-B224-52DF0973ED13}.Debug|Any CPU.Build.0 = Debug|Any CPU
		{61845326-625F-486D-B224-52DF0973ED13}.Release|Any CPU.ActiveCfg = Release|Any CPU
		{61845326-625F-486D-B224-52DF0973ED13}.Release|Any CPU.Build.0 = Release|Any CPU
	EndGlobalSection
	GlobalSection(SolutionProperties) = preSolution
		HideSolutionNode = FALSE
	EndGlobalSection
	GlobalSection(ExtensibilityGlobals) = postSolution
		SolutionGuid = {370FD186-8C3A-4995-8E08-6A5CB2D6BEFA}
	EndGlobalSection
EndGlobal
